
Microsoft Visual Studio Solution File, Format Version 12.00
# Visual Studio 15
VisualStudioVersion = 15.0.27703.2042
MinimumVisualStudioVersion = 10.0.40219.1
Project("{FAE04EC0-301F-11D3-BF4B-00C04F79EFBC}") = "Todo_List", "Todo_List\Todo_List.csproj", "{49E9E613-9EEB-4985-BA64-203AF57B9915}"
EndProject
Global
	GlobalSection(SolutionConfigurationPlatforms) = preSolution
		Debug|Any CPU = Debug|Any CPU
		Release|Any CPU = Release|Any CPU
	EndGlobalSection
	GlobalSection(ProjectConfigurationPlatforms) = postSolution
		{49E9E613-9EEB-4985-BA64-203AF57B9915}.Debug|Any CPU.ActiveCfg = Debug|Any CPU
		{49E9E613-9EEB-4985-BA64-203AF57B9915}.Debug|Any CPU.Build.0 = Debug|Any CPU
		{49E9E613-9EEB-4985-BA64-203AF57B9915}.Release|Any CPU.ActiveCfg = Release|Any CPU
		{49E9E613-9EEB-4985-BA64-203AF57B9915}.Release|Any CPU.Build.0 = Release|Any CPU
	EndGlobalSection
	GlobalSection(SolutionProperties) = preSolution
		HideSolutionNode = FALSE
	EndGlobalSection
	GlobalSection(ExtensibilityGlobals) = postSolution
		SolutionGuid = {6EF249FB-2298-4C79-9F55-57132BB011A2}
	EndGlobalSection
EndGlobal
